
Microsoft Visual Studio Solution File, Format Version 12.00
# Visual Studio 15
VisualStudioVersion = 15.0.28307.271
MinimumVisualStudioVersion = 10.0.40219.1
Project("{FAE04EC0-301F-11D3-BF4B-00C04F79EFBC}") = "GenericInterface", "GenericInterface\GenericInterface.csproj", "{C91CF23B-1743-45EC-A482-132A55051055}"
EndProject
Global
	GlobalSection(SolutionConfigurationPlatforms) = preSolution
		Debug|Any CPU = Debug|Any CPU
		Release|Any CPU = Release|Any CPU
	EndGlobalSection
	GlobalSection(ProjectConfigurationPlatforms) = postSolution
		{C91CF23B-1743-45EC-A482-132A55051055}.Debug|Any CPU.ActiveCfg = Debug|Any CPU
		{C91CF23B-1743-45EC-A482-132A55051055}.Debug|Any CPU.Build.0 = Debug|Any CPU
		{C91CF23B-1743-45EC-A482-132A55051055}.Release|Any CPU.ActiveCfg = Release|Any CPU
		{C91CF23B-1743-45EC-A482-132A55051055}.Release|Any CPU.Build.0 = Release|Any CPU
	EndGlobalSection
	GlobalSection(SolutionProperties) = preSolution
		HideSolutionNode = FALSE
	EndGlobalSection
	GlobalSection(ExtensibilityGlobals) = postSolution
		SolutionGuid = {E7276C8C-948F-46C5-B661-6C17D12BE205}
	EndGlobalSection
EndGlobal
